
Microsoft Visual Studio Solution File, Format Version 11.00
# Visual Studio 2010
Project("{FAE04EC0-301F-11D3-BF4B-00C04F79EFBC}") = "TankInATank", "Assembly-CSharp.csproj", "{03B95FF2-98E4-F0EA-97D2-4CD09EC96781}"
EndProject
Project("{FAE04EC0-301F-11D3-BF4B-00C04F79EFBC}") = "TankInATank", "Assembly-CSharp-Editor.csproj", "{D9426505-F938-C101-C60B-BCD720C0FE10}"
EndProject
Global
	GlobalSection(SolutionConfigurationPlatforms) = preSolution
		Debug|Any CPU = Debug|Any CPU
		Release|Any CPU = Release|Any CPU
	EndGlobalSection
	GlobalSection(ProjectConfigurationPlatforms) = postSolution
		{03B95FF2-98E4-F0EA-97D2-4CD09EC96781}.Debug|Any CPU.ActiveCfg = Debug|Any CPU
		{03B95FF2-98E4-F0EA-97D2-4CD09EC96781}.Debug|Any CPU.Build.0 = Debug|Any CPU
		{03B95FF2-98E4-F0EA-97D2-4CD09EC96781}.Release|Any CPU.ActiveCfg = Release|Any CPU
		{03B95FF2-98E4-F0EA-97D2-4CD09EC96781}.Release|Any CPU.Build.0 = Release|Any CPU
		{D9426505-F938-C101-C60B-BCD720C0FE10}.Debug|Any CPU.ActiveCfg = Debug|Any CPU
		{D9426505-F938-C101-C60B-BCD720C0FE10}.Debug|Any CPU.Build.0 = Debug|Any CPU
		{D9426505-F938-C101-C60B-BCD720C0FE10}.Release|Any CPU.ActiveCfg = Release|Any CPU
		{D9426505-F938-C101-C60B-BCD720C0FE10}.Release|Any CPU.Build.0 = Release|Any CPU
	EndGlobalSection
	GlobalSection(SolutionProperties) = preSolution
		HideSolutionNode = FALSE
	EndGlobalSection
	GlobalSection(MonoDevelopProperties) = preSolution
		StartupItem = Assembly-CSharp.csproj
	EndGlobalSection
EndGlobal
