
Microsoft Visual Studio Solution File, Format Version 12.00
# Visual Studio for Mac
Project("{FAE04EC0-301F-11D3-BF4B-00C04F79EFBC}") = "TankTest.Plugins", "TankTest.Plugins.csproj", "{3D1D66A2-4F0F-385E-0C23-D1DC2703D202}"
EndProject
Project("{FAE04EC0-301F-11D3-BF4B-00C04F79EFBC}") = "TankTest", "TankTest.csproj", "{1198B96C-BD09-76D8-D9A8-3668C6D95EC4}"
EndProject
Project("{FAE04EC0-301F-11D3-BF4B-00C04F79EFBC}") = "TankTest.Editor", "TankTest.Editor.csproj", "{CBB2FD52-5853-C55D-EEFF-2C75FA5A138E}"
EndProject
Project("{FAE04EC0-301F-11D3-BF4B-00C04F79EFBC}") = "TankTest.Editor.Plugins", "TankTest.Editor.Plugins.csproj", "{5054DC34-8174-3FF7-DDC6-38513FF27A97}"
EndProject
Global
	GlobalSection(SolutionConfigurationPlatforms) = preSolution
		Debug|Any CPU = Debug|Any CPU
		Release|Any CPU = Release|Any CPU
	EndGlobalSection
	GlobalSection(ProjectConfigurationPlatforms) = postSolution
		{3D1D66A2-4F0F-385E-0C23-D1DC2703D202}.Debug|Any CPU.ActiveCfg = Debug|Any CPU
		{3D1D66A2-4F0F-385E-0C23-D1DC2703D202}.Debug|Any CPU.Build.0 = Debug|Any CPU
		{3D1D66A2-4F0F-385E-0C23-D1DC2703D202}.Release|Any CPU.ActiveCfg = Release|Any CPU
		{3D1D66A2-4F0F-385E-0C23-D1DC2703D202}.Release|Any CPU.Build.0 = Release|Any CPU
		{1198B96C-BD09-76D8-D9A8-3668C6D95EC4}.Debug|Any CPU.ActiveCfg = Debug|Any CPU
		{1198B96C-BD09-76D8-D9A8-3668C6D95EC4}.Debug|Any CPU.Build.0 = Debug|Any CPU
		{1198B96C-BD09-76D8-D9A8-3668C6D95EC4}.Release|Any CPU.ActiveCfg = Release|Any CPU
		{1198B96C-BD09-76D8-D9A8-3668C6D95EC4}.Release|Any CPU.Build.0 = Release|Any CPU
		{CBB2FD52-5853-C55D-EEFF-2C75FA5A138E}.Debug|Any CPU.ActiveCfg = Debug|Any CPU
		{CBB2FD52-5853-C55D-EEFF-2C75FA5A138E}.Debug|Any CPU.Build.0 = Debug|Any CPU
		{CBB2FD52-5853-C55D-EEFF-2C75FA5A138E}.Release|Any CPU.ActiveCfg = Release|Any CPU
		{CBB2FD52-5853-C55D-EEFF-2C75FA5A138E}.Release|Any CPU.Build.0 = Release|Any CPU
		{5054DC34-8174-3FF7-DDC6-38513FF27A97}.Debug|Any CPU.ActiveCfg = Debug|Any CPU
		{5054DC34-8174-3FF7-DDC6-38513FF27A97}.Debug|Any CPU.Build.0 = Debug|Any CPU
		{5054DC34-8174-3FF7-DDC6-38513FF27A97}.Release|Any CPU.ActiveCfg = Release|Any CPU
		{5054DC34-8174-3FF7-DDC6-38513FF27A97}.Release|Any CPU.Build.0 = Release|Any CPU
	EndGlobalSection
	GlobalSection(SolutionProperties) = preSolution
		HideSolutionNode = FALSE
	EndGlobalSection
EndGlobal
